{
  "name": "test",
  "lockfileVersion": 3,
  "requires": true,
  "packages": {
    "": {
      "dependencies": {
        "lib": "file:../lib",
        "pareto-core-dev": "^0.12.0",
        "pareto-host-nodejs": "^0.2.0"
      }
    },
    "../lib": {
      "name": "pareto-typescript",
      "version": "0.1.3",
      "license": "Apache-2.0",
      "dependencies": {
        "pareto-common": "^0.1.0",
        "pareto-core": "^0.1.0",
        "pareto-core-dev": "^0.12.0",
        "pareto-fountain-pen": "^0.4.0",
        "pareto-resources": "^0.2.0",
        "pareto-stream": "^0.1.0"
      },
      "engines": {
        "node": ">=14.0.0"
      }
    },
    "node_modules/astn-core": {
      "version": "0.5.125",
      "resolved": "https://registry.npmjs.org/astn-core/-/astn-core-0.5.125.tgz",
      "integrity": "sha512-ri7QpujKSbqzPpmCOo28lD0hpySXaqnpIM2E/WFj/34LxPQoN7QqdVXbCCvTxsT8bkTTDs6O7wzWJ/RFHwNCAw==",
      "license": "Apache-2.0",
      "dependencies": {
        "pareto-core": "^0.1.0",
        "pareto-fountain-pen": "^0.4.0"
      }
    },
    "node_modules/liana-core": {
      "version": "0.1.34",
      "resolved": "https://registry.npmjs.org/liana-core/-/liana-core-0.1.34.tgz",
      "integrity": "sha512-2awRhnbEGrb7fiiUBzMsQgmgyH/yBjb+ZlZmu2ImlU9/8mhrKfuab1btNwgvmEgITqTwzFV/OjI06a4/YNHVbA==",
      "license": "Apache-2.0",
      "dependencies": {
        "astn-core": "^0.5.0",
        "pareto-core": "^0.1.0"
      }
    },
    "node_modules/lib": {
      "resolved": "../lib",
      "link": true
    },
    "node_modules/pareto-core": {
      "version": "0.1.238",
      "resolved": "https://registry.npmjs.org/pareto-core/-/pareto-core-0.1.238.tgz",
      "integrity": "sha512-sIQMeHfWFDYnseo73ZIpC00g7MQiWoG587lm3ahl/m/fE7UvBfIluXi93Ccjz/vOUkjhrPj7aMiC2pOaaSLLTg==",
      "license": "Apache-2.0"
    },
    "node_modules/pareto-core-dev": {
      "version": "0.12.21",
      "resolved": "https://registry.npmjs.org/pareto-core-dev/-/pareto-core-dev-0.12.21.tgz",
      "integrity": "sha512-swnciQd/l1CAzHMF705J2aTxcwXaEdZLF3tOO2FzKLTziOZ3dewM52mtJQydPQ9QpO7vnucxZcFo/FuPjHY0FQ==",
      "license": "Apache-2.0",
      "dependencies": {
        "pareto-core": "^0.1.0"
      }
    },
    "node_modules/pareto-core-shorthands": {
      "version": "0.2.54",
      "resolved": "https://registry.npmjs.org/pareto-core-shorthands/-/pareto-core-shorthands-0.2.54.tgz",
      "integrity": "sha512-J7ouiP81v+oWAbX+0ziwziySfrnD+yOoFn9qlyML9A9gHwLsTdzn5rNA/fHha2UiOn+zLKiKse4kjaeP9co2sA==",
      "license": "Apache-2.0",
      "dependencies": {
        "liana-core": "^0.1.0",
        "pareto-core": "^0.1.0"
      }
    },
    "node_modules/pareto-fountain-pen": {
      "version": "0.4.79",
      "resolved": "https://registry.npmjs.org/pareto-fountain-pen/-/pareto-fountain-pen-0.4.79.tgz",
      "integrity": "sha512-3i0nihPhPiIoFKpSFvHGww+MWvnL0r3SPdd5FZRJIZCJokjCvIr81O7O1hNz5N/HsyHjEthMAMVbQ1YPSZZsYQ==",
      "license": "Apache-2.0",
      "dependencies": {
        "pareto-core": "^0.1.0",
        "pareto-core-shorthands": "^0.2.0"
      },
      "engines": {
        "node": ">=14.0.0"
      }
    },
    "node_modules/pareto-host-nodejs": {
      "version": "0.2.84",
      "resolved": "https://registry.npmjs.org/pareto-host-nodejs/-/pareto-host-nodejs-0.2.84.tgz",
      "integrity": "sha512-lAqvqTXzccEBcD0E5k0fvMcw1sDfLckH3n1CWeO3YNPA2JqvTh5c5+TcdJA7g2DlpxNGmrRulovnpoOfStk4Wg==",
      "license": "Apache-2.0",
      "dependencies": {
        "pareto-resources": "^0.2.0",
        "pareto-stream": "^0.1.0"
      }
    },
    "node_modules/pareto-resources": {
      "version": "0.2.132",
      "resolved": "https://registry.npmjs.org/pareto-resources/-/pareto-resources-0.2.132.tgz",
      "integrity": "sha512-yLSXY3qGJHVmGL+c1Rblt+Ab1hr0w9fRMUTDSWk+mrRHqnfJKig7dhOBF2MlXwOvq2+wBnWQE96ffKU7HAjJYA==",
      "license": "Apache-2.0",
      "dependencies": {
        "liana-core": "^0.1.0",
        "pareto-core": "^0.1.0",
        "pareto-core-dev": "^0.12.0",
        "pareto-fountain-pen": "^0.4.0"
      }
    },
    "node_modules/pareto-stream": {
      "version": "0.1.17",
      "resolved": "https://registry.npmjs.org/pareto-stream/-/pareto-stream-0.1.17.tgz",
      "integrity": "sha512-gI8RyB6lHbsqjj55ZgGLyA+u0vnPCW59I4lLJsutvQEOWf/AsrC0oSacho3FR4vUZ9EMt9avOvIyIJZftDdkQQ==",
      "license": "Apache-2.0",
      "dependencies": {
        "liana-core": "^0.1.0",
        "pareto-core-dev": "^0.12.0",
        "pareto-fountain-pen": "^0.4.0"
      }
    }
  }
}
