{
  "name": "test",
  "lockfileVersion": 3,
  "requires": true,
  "packages": {
    "": {
      "dependencies": {
        "lib": "file:../lib",
        "pareto-core-dev": "^0.12.0",
        "pareto-host-nodejs": "^0.2.0"
      }
    },
    "../lib": {
      "name": "pareto-typescript",
      "version": "0.1.0",
      "license": "Apache-2.0",
      "dependencies": {
        "pareto-common": "^0.1.0",
        "pareto-core": "^0.1.0",
        "pareto-fountain-pen": "^0.4.0",
        "pareto-resources": "^0.2.0",
        "pareto-stream": "^0.1.0"
      },
      "engines": {
        "node": ">=14.0.0"
      }
    },
    "node_modules/astn-core": {
      "version": "0.5.116",
      "resolved": "https://registry.npmjs.org/astn-core/-/astn-core-0.5.116.tgz",
      "integrity": "sha512-VLsjUgOOEFPKiLdcg416M13THpyAjTfXrTgFfr+GnFyoq9xZAv217r2AbhYET3Xl06skZjHatYXR15RvPhVg5w==",
      "license": "Apache-2.0",
      "dependencies": {
        "pareto-core": "^0.1.0",
        "pareto-fountain-pen": "^0.4.0"
      }
    },
    "node_modules/liana-core": {
      "version": "0.1.29",
      "resolved": "https://registry.npmjs.org/liana-core/-/liana-core-0.1.29.tgz",
      "integrity": "sha512-eKzQf5s7j/ZZX1C43SXAhX0m4tWkVt2axdWYgFS5OkSu0Rrnj4+eyJ0kAvKdjTNRZz/Wq/QCaUBp7HVEbPbLhw==",
      "license": "Apache-2.0",
      "dependencies": {
        "astn-core": "^0.5.0",
        "pareto-core": "^0.1.0"
      }
    },
    "node_modules/lib": {
      "resolved": "../lib",
      "link": true
    },
    "node_modules/pareto-core": {
      "version": "0.1.226",
      "resolved": "https://registry.npmjs.org/pareto-core/-/pareto-core-0.1.226.tgz",
      "integrity": "sha512-6mzZWc9vDcf+2DcsSBPJBPNuAgzeNM9Gx8J8em8JQVuQJGtTMzII1HzOaZ2ABgFZbVzr//YT3lgq01fXFPqtqQ==",
      "license": "Apache-2.0"
    },
    "node_modules/pareto-core-dev": {
      "version": "0.12.18",
      "resolved": "https://registry.npmjs.org/pareto-core-dev/-/pareto-core-dev-0.12.18.tgz",
      "integrity": "sha512-xUmvBp1rkkNF6pB5nlK948zbrs+U9VysUEu1rTwR5qVD+MescQCcv2cPjp61P/CiJNHa5crXToSu5+tsBPfvqA==",
      "license": "Apache-2.0",
      "dependencies": {
        "pareto-core": "^0.1.0"
      }
    },
    "node_modules/pareto-core-shorthands": {
      "version": "0.2.49",
      "resolved": "https://registry.npmjs.org/pareto-core-shorthands/-/pareto-core-shorthands-0.2.49.tgz",
      "integrity": "sha512-H5VZXNFzIMQYLm9TTYj6t4l5jtRRpeGF52PpE1e8q2+hK78SCjDJ0WfydMr61n3AJkZhf4fmS0m6YJ1m6Ogxiw==",
      "license": "Apache-2.0",
      "dependencies": {
        "liana-core": "^0.1.0",
        "pareto-core": "^0.1.0"
      }
    },
    "node_modules/pareto-fountain-pen": {
      "version": "0.4.73",
      "resolved": "https://registry.npmjs.org/pareto-fountain-pen/-/pareto-fountain-pen-0.4.73.tgz",
      "integrity": "sha512-kGzmGHIYxo1E/MJPeNrcwzaKURV6/cJNe5xTv7ftMHLj89yUomdOEPEYx0yvMpjblDI+mWn2hz9TaWT/NmZsVg==",
      "license": "Apache-2.0",
      "dependencies": {
        "pareto-core": "^0.1.0",
        "pareto-core-shorthands": "^0.2.0"
      },
      "engines": {
        "node": ">=14.0.0"
      }
    },
    "node_modules/pareto-host-nodejs": {
      "version": "0.2.79",
      "resolved": "https://registry.npmjs.org/pareto-host-nodejs/-/pareto-host-nodejs-0.2.79.tgz",
      "integrity": "sha512-/pAayOp76Ef8JylYt3QGKQFs6Mr8/uygxtdeTZvEtxUJnQDIShtJU88daeeQw6KcnFRPltQWM9XvdLE175pk3A==",
      "license": "Apache-2.0",
      "dependencies": {
        "pareto-resources": "^0.2.0",
        "pareto-stream": "^0.1.0"
      }
    },
    "node_modules/pareto-resources": {
      "version": "0.2.126",
      "resolved": "https://registry.npmjs.org/pareto-resources/-/pareto-resources-0.2.126.tgz",
      "integrity": "sha512-xDWjOSyBvDTQeVGCHJoBy5KnK98q/hFq05E39BT4B8F0UwVLYtrpvewz/h5QE6sIvyw3qW5lONIk5snJFMdWRw==",
      "license": "Apache-2.0",
      "dependencies": {
        "liana-core": "^0.1.0",
        "pareto-core": "^0.1.0",
        "pareto-core-dev": "^0.12.0",
        "pareto-fountain-pen": "^0.4.0"
      }
    },
    "node_modules/pareto-stream": {
      "version": "0.1.13",
      "resolved": "https://registry.npmjs.org/pareto-stream/-/pareto-stream-0.1.13.tgz",
      "integrity": "sha512-Oi5517h4aDlz3VYJDWn1UFAxb1d/LcSpHT+LxqO0QPPCyp65xhW+uxytUYYhHyy9TgRM6851rdueTfvaJz8Z9A==",
      "license": "Apache-2.0",
      "dependencies": {
        "liana-core": "^0.1.0",
        "pareto-core-dev": "^0.12.0",
        "pareto-fountain-pen": "^0.4.0"
      }
    }
  }
}
