{
  "name": "test",
  "lockfileVersion": 3,
  "requires": true,
  "packages": {
    "": {
      "dependencies": {
        "lib": "file:../lib",
        "pareto-core-dev": "^0.12.0",
        "pareto-host-nodejs": "^0.2.0"
      }
    },
    "../lib": {
      "name": "pareto-typescript",
      "version": "0.1.2",
      "license": "Apache-2.0",
      "dependencies": {
        "pareto-common": "^0.1.0",
        "pareto-core": "^0.1.0",
        "pareto-fountain-pen": "^0.4.0",
        "pareto-resources": "^0.2.0",
        "pareto-stream": "^0.1.0"
      },
      "engines": {
        "node": ">=14.0.0"
      }
    },
    "node_modules/astn-core": {
      "version": "0.5.122",
      "resolved": "https://registry.npmjs.org/astn-core/-/astn-core-0.5.122.tgz",
      "integrity": "sha512-pUl6ApfEvjLMY2OYNq+XS9/SI7VbIdKcoEW855BviWa/9HM7mwJ14hlqR+Z4K7CmWgzmKrQj4PNluClj9xZIJw==",
      "license": "Apache-2.0",
      "dependencies": {
        "pareto-core": "^0.1.0",
        "pareto-fountain-pen": "^0.4.0"
      }
    },
    "node_modules/liana-core": {
      "version": "0.1.31",
      "resolved": "https://registry.npmjs.org/liana-core/-/liana-core-0.1.31.tgz",
      "integrity": "sha512-dfh8Zo5g36zawbo4IOkLO08Lg0xUOTGCs6bwZfpb/lT6vkVvfBSjK85GLVmZe1PkyBoEloC5VLyApOy9PFCjCg==",
      "license": "Apache-2.0",
      "dependencies": {
        "astn-core": "^0.5.0",
        "pareto-core": "^0.1.0"
      }
    },
    "node_modules/lib": {
      "resolved": "../lib",
      "link": true
    },
    "node_modules/pareto-core": {
      "version": "0.1.232",
      "resolved": "https://registry.npmjs.org/pareto-core/-/pareto-core-0.1.232.tgz",
      "integrity": "sha512-MHfflkvQwIsKCLnKlFZBW5kuMZempiXFLJKLDTmM1pqpGbm3YRZP95C4Kym2dBrl3fG5tJZyBDdHew6bqnxSTw==",
      "license": "Apache-2.0"
    },
    "node_modules/pareto-core-dev": {
      "version": "0.12.18",
      "resolved": "https://registry.npmjs.org/pareto-core-dev/-/pareto-core-dev-0.12.18.tgz",
      "integrity": "sha512-xUmvBp1rkkNF6pB5nlK948zbrs+U9VysUEu1rTwR5qVD+MescQCcv2cPjp61P/CiJNHa5crXToSu5+tsBPfvqA==",
      "license": "Apache-2.0",
      "dependencies": {
        "pareto-core": "^0.1.0"
      }
    },
    "node_modules/pareto-core-shorthands": {
      "version": "0.2.49",
      "resolved": "https://registry.npmjs.org/pareto-core-shorthands/-/pareto-core-shorthands-0.2.49.tgz",
      "integrity": "sha512-H5VZXNFzIMQYLm9TTYj6t4l5jtRRpeGF52PpE1e8q2+hK78SCjDJ0WfydMr61n3AJkZhf4fmS0m6YJ1m6Ogxiw==",
      "license": "Apache-2.0",
      "dependencies": {
        "liana-core": "^0.1.0",
        "pareto-core": "^0.1.0"
      }
    },
    "node_modules/pareto-fountain-pen": {
      "version": "0.4.76",
      "resolved": "https://registry.npmjs.org/pareto-fountain-pen/-/pareto-fountain-pen-0.4.76.tgz",
      "integrity": "sha512-+NYM8fdpAB6uTBmXoJn0jl/54BuIqFooPcdh0hCME6k+dVbzzlfoO0vyYqz0qxvrp0P14bImPZbbJGlvQpQjIQ==",
      "license": "Apache-2.0",
      "dependencies": {
        "pareto-core": "^0.1.0",
        "pareto-core-shorthands": "^0.2.0"
      },
      "engines": {
        "node": ">=14.0.0"
      }
    },
    "node_modules/pareto-host-nodejs": {
      "version": "0.2.82",
      "resolved": "https://registry.npmjs.org/pareto-host-nodejs/-/pareto-host-nodejs-0.2.82.tgz",
      "integrity": "sha512-Ump1FbF1FfwAMfXtlJ2W+Y3KfEHnsdB/HbQaQxTT729fGWIjWf+WaW0Nc5p8A/BITlwxC87gKdGBKEmpWr9ZQQ==",
      "license": "Apache-2.0",
      "dependencies": {
        "pareto-resources": "^0.2.0",
        "pareto-stream": "^0.1.0"
      }
    },
    "node_modules/pareto-resources": {
      "version": "0.2.130",
      "resolved": "https://registry.npmjs.org/pareto-resources/-/pareto-resources-0.2.130.tgz",
      "integrity": "sha512-ecFv88NQu0dQ4QLLRzd7PMUMcBjY8x5pJw8V4mYEIp4oa0MMIgvl0Hi51ypXgv7cSdG/trj1PBthDvxpaHpqxQ==",
      "license": "Apache-2.0",
      "dependencies": {
        "liana-core": "^0.1.0",
        "pareto-core": "^0.1.0",
        "pareto-core-dev": "^0.12.0",
        "pareto-fountain-pen": "^0.4.0"
      }
    },
    "node_modules/pareto-stream": {
      "version": "0.1.15",
      "resolved": "https://registry.npmjs.org/pareto-stream/-/pareto-stream-0.1.15.tgz",
      "integrity": "sha512-wQz/r1pb5tgJHb7pWjsbnfXfNdvqcXSnCF1Dtksw7UAwNDh/KMhx9KWVLQOgBoYDLzelcbz3OhYW3bWfE2Qo5Q==",
      "license": "Apache-2.0",
      "dependencies": {
        "liana-core": "^0.1.0",
        "pareto-core-dev": "^0.12.0",
        "pareto-fountain-pen": "^0.4.0"
      }
    }
  }
}
