{
  "name": "astn-app",
  "version": "0.0.1",
  "lockfileVersion": 3,
  "requires": true,
  "packages": {
    "": {
      "name": "astn-app",
      "version": "0.0.1",
      "bundleDependencies": [
        "lib"
      ],
      "license": "Apache-2.0",
      "dependencies": {
        "lib": "file:../lib",
        "pareto-host-nodejs": "^0.2.0",
        "typescript": "^6.0.0"
      },
      "bin": {
        "astn-validate": "dist/bin/validate_astn.js"
      },
      "devDependencies": {
        "@types/node": "^26.0.0"
      },
      "engines": {
        "node": ">=14.0.0"
      }
    },
    "../lib": {
      "name": "pareto-typescript",
      "version": "0.1.3",
      "license": "Apache-2.0",
      "dependencies": {
        "pareto-common": "^0.1.0",
        "pareto-core": "^0.1.0",
        "pareto-core-dev": "^0.12.0",
        "pareto-fountain-pen": "^0.4.0",
        "pareto-resources": "^0.2.0",
        "pareto-stream": "^0.1.0"
      },
      "engines": {
        "node": ">=14.0.0"
      }
    },
    "node_modules/@types/node": {
      "version": "26.1.0",
      "resolved": "https://registry.npmjs.org/@types/node/-/node-26.1.0.tgz",
      "integrity": "sha512-O0A1G3xPGy4w7AgQdAQYUlQ+BKk2Oovw8eRpofyp5KdBZULnbe+WqaOVNrm705SHphCiG4XHsACrSmPu1f+Kgw==",
      "dev": true,
      "license": "MIT",
      "dependencies": {
        "undici-types": "~8.3.0"
      }
    },
    "node_modules/astn-core": {
      "version": "0.5.125",
      "resolved": "https://registry.npmjs.org/astn-core/-/astn-core-0.5.125.tgz",
      "integrity": "sha512-ri7QpujKSbqzPpmCOo28lD0hpySXaqnpIM2E/WFj/34LxPQoN7QqdVXbCCvTxsT8bkTTDs6O7wzWJ/RFHwNCAw==",
      "license": "Apache-2.0",
      "dependencies": {
        "pareto-core": "^0.1.0",
        "pareto-fountain-pen": "^0.4.0"
      }
    },
    "node_modules/liana-core": {
      "version": "0.1.34",
      "resolved": "https://registry.npmjs.org/liana-core/-/liana-core-0.1.34.tgz",
      "integrity": "sha512-2awRhnbEGrb7fiiUBzMsQgmgyH/yBjb+ZlZmu2ImlU9/8mhrKfuab1btNwgvmEgITqTwzFV/OjI06a4/YNHVbA==",
      "license": "Apache-2.0",
      "dependencies": {
        "astn-core": "^0.5.0",
        "pareto-core": "^0.1.0"
      }
    },
    "node_modules/lib": {
      "resolved": "../lib",
      "link": true
    },
    "node_modules/pareto-core": {
      "version": "0.1.238",
      "resolved": "https://registry.npmjs.org/pareto-core/-/pareto-core-0.1.238.tgz",
      "integrity": "sha512-sIQMeHfWFDYnseo73ZIpC00g7MQiWoG587lm3ahl/m/fE7UvBfIluXi93Ccjz/vOUkjhrPj7aMiC2pOaaSLLTg==",
      "license": "Apache-2.0"
    },
    "node_modules/pareto-core-dev": {
      "version": "0.12.21",
      "resolved": "https://registry.npmjs.org/pareto-core-dev/-/pareto-core-dev-0.12.21.tgz",
      "integrity": "sha512-swnciQd/l1CAzHMF705J2aTxcwXaEdZLF3tOO2FzKLTziOZ3dewM52mtJQydPQ9QpO7vnucxZcFo/FuPjHY0FQ==",
      "license": "Apache-2.0",
      "dependencies": {
        "pareto-core": "^0.1.0"
      }
    },
    "node_modules/pareto-core-shorthands": {
      "version": "0.2.55",
      "resolved": "https://registry.npmjs.org/pareto-core-shorthands/-/pareto-core-shorthands-0.2.55.tgz",
      "integrity": "sha512-PU0X3xm3gdJGRCdomXSERTgDtMhTDTL5bTWNkZti9m+W1Vt4hZ0IujTrugA2YR61vW/hnQZeBR/Fqc1YzhvhPQ==",
      "license": "Apache-2.0",
      "dependencies": {
        "liana-core": "^0.1.0",
        "pareto-core": "^0.1.0"
      }
    },
    "node_modules/pareto-fountain-pen": {
      "version": "0.4.79",
      "resolved": "https://registry.npmjs.org/pareto-fountain-pen/-/pareto-fountain-pen-0.4.79.tgz",
      "integrity": "sha512-3i0nihPhPiIoFKpSFvHGww+MWvnL0r3SPdd5FZRJIZCJokjCvIr81O7O1hNz5N/HsyHjEthMAMVbQ1YPSZZsYQ==",
      "license": "Apache-2.0",
      "dependencies": {
        "pareto-core": "^0.1.0",
        "pareto-core-shorthands": "^0.2.0"
      },
      "engines": {
        "node": ">=14.0.0"
      }
    },
    "node_modules/pareto-host-nodejs": {
      "version": "0.2.84",
      "resolved": "https://registry.npmjs.org/pareto-host-nodejs/-/pareto-host-nodejs-0.2.84.tgz",
      "integrity": "sha512-lAqvqTXzccEBcD0E5k0fvMcw1sDfLckH3n1CWeO3YNPA2JqvTh5c5+TcdJA7g2DlpxNGmrRulovnpoOfStk4Wg==",
      "license": "Apache-2.0",
      "dependencies": {
        "pareto-resources": "^0.2.0",
        "pareto-stream": "^0.1.0"
      }
    },
    "node_modules/pareto-resources": {
      "version": "0.2.132",
      "resolved": "https://registry.npmjs.org/pareto-resources/-/pareto-resources-0.2.132.tgz",
      "integrity": "sha512-yLSXY3qGJHVmGL+c1Rblt+Ab1hr0w9fRMUTDSWk+mrRHqnfJKig7dhOBF2MlXwOvq2+wBnWQE96ffKU7HAjJYA==",
      "license": "Apache-2.0",
      "dependencies": {
        "liana-core": "^0.1.0",
        "pareto-core": "^0.1.0",
        "pareto-core-dev": "^0.12.0",
        "pareto-fountain-pen": "^0.4.0"
      }
    },
    "node_modules/pareto-stream": {
      "version": "0.1.17",
      "resolved": "https://registry.npmjs.org/pareto-stream/-/pareto-stream-0.1.17.tgz",
      "integrity": "sha512-gI8RyB6lHbsqjj55ZgGLyA+u0vnPCW59I4lLJsutvQEOWf/AsrC0oSacho3FR4vUZ9EMt9avOvIyIJZftDdkQQ==",
      "license": "Apache-2.0",
      "dependencies": {
        "liana-core": "^0.1.0",
        "pareto-core-dev": "^0.12.0",
        "pareto-fountain-pen": "^0.4.0"
      }
    },
    "node_modules/typescript": {
      "version": "6.0.3",
      "resolved": "https://registry.npmjs.org/typescript/-/typescript-6.0.3.tgz",
      "integrity": "sha512-y2TvuxSZPDyQakkFRPZHKFm+KKVqIisdg9/CZwm9ftvKXLP8NRWj38/ODjNbr43SsoXqNuAisEf1GdCxqWcdBw==",
      "license": "Apache-2.0",
      "bin": {
        "tsc": "bin/tsc",
        "tsserver": "bin/tsserver"
      },
      "engines": {
        "node": ">=14.17"
      }
    },
    "node_modules/undici-types": {
      "version": "8.3.0",
      "resolved": "https://registry.npmjs.org/undici-types/-/undici-types-8.3.0.tgz",
      "integrity": "sha512-j375ScV60dom+YkPFIfTLcOiPxkN/buHz5GobjLhixFuANaNs3C9l4GmrWqejgXWJ7BbJcFYpTEUkS1Ge8bpZQ==",
      "dev": true,
      "license": "MIT"
    }
  }
}
