{
  "name": "astn-app",
  "version": "0.0.1",
  "lockfileVersion": 3,
  "requires": true,
  "packages": {
    "": {
      "name": "astn-app",
      "version": "0.0.1",
      "bundleDependencies": [
        "lib"
      ],
      "license": "Apache-2.0",
      "dependencies": {
        "lib": "file:../lib",
        "pareto-host-nodejs": "^0.2.0",
        "pareto-resource-stream": "^0.1.1",
        "pareto-resource-typescript-parser": "^0.1.0",
        "typescript": "^6.0.0"
      },
      "bin": {
        "astn-validate": "dist/bin/validate_astn.js"
      },
      "devDependencies": {
        "@types/node": "^26.0.0"
      },
      "engines": {
        "node": ">=14.0.0"
      }
    },
    "../lib": {
      "name": "pareto-typescript",
      "version": "0.1.3",
      "license": "Apache-2.0",
      "dependencies": {
        "pareto-common": "^0.1.0",
        "pareto-core": "^0.1.0",
        "pareto-core-dev": "^0.12.0",
        "pareto-fountain-pen": "^0.4.0",
        "pareto-resources": "^0.2.0",
        "pareto-stream-api": "^0.1.0",
        "pareto-untyped-syntax-tree-api": "^0.1.0"
      },
      "engines": {
        "node": ">=14.0.0"
      }
    },
    "node_modules/@types/node": {
      "version": "26.1.0",
      "resolved": "https://registry.npmjs.org/@types/node/-/node-26.1.0.tgz",
      "integrity": "sha512-O0A1G3xPGy4w7AgQdAQYUlQ+BKk2Oovw8eRpofyp5KdBZULnbe+WqaOVNrm705SHphCiG4XHsACrSmPu1f+Kgw==",
      "dev": true,
      "license": "MIT",
      "dependencies": {
        "undici-types": "~8.3.0"
      }
    },
    "node_modules/astn-core": {
      "version": "0.5.126",
      "resolved": "https://registry.npmjs.org/astn-core/-/astn-core-0.5.126.tgz",
      "integrity": "sha512-CdnYB8wN+BOk0g+UUC2pEbtdqZvPsACRuEMqp5ljW/tRgSjrR3PzOgQ34u1XQlhTkypcfnENBMlPFnjMMMDbJw==",
      "license": "Apache-2.0",
      "dependencies": {
        "pareto-core": "^0.1.0",
        "pareto-fountain-pen": "^0.4.0"
      }
    },
    "node_modules/liana-core": {
      "version": "0.1.34",
      "resolved": "https://registry.npmjs.org/liana-core/-/liana-core-0.1.34.tgz",
      "integrity": "sha512-2awRhnbEGrb7fiiUBzMsQgmgyH/yBjb+ZlZmu2ImlU9/8mhrKfuab1btNwgvmEgITqTwzFV/OjI06a4/YNHVbA==",
      "license": "Apache-2.0",
      "dependencies": {
        "astn-core": "^0.5.0",
        "pareto-core": "^0.1.0"
      }
    },
    "node_modules/lib": {
      "resolved": "../lib",
      "link": true
    },
    "node_modules/pareto-core": {
      "version": "0.1.249",
      "resolved": "https://registry.npmjs.org/pareto-core/-/pareto-core-0.1.249.tgz",
      "integrity": "sha512-wFQsFDzZ/3wEM7xD/URm8yDEEPO9CJEhOF8u9K2DJahrk8cVK37wCnbNydnRW4hQ+cUr3q6sX/H5JvqelzyHbQ==",
      "license": "Apache-2.0"
    },
    "node_modules/pareto-core-dev": {
      "version": "0.12.21",
      "resolved": "https://registry.npmjs.org/pareto-core-dev/-/pareto-core-dev-0.12.21.tgz",
      "integrity": "sha512-swnciQd/l1CAzHMF705J2aTxcwXaEdZLF3tOO2FzKLTziOZ3dewM52mtJQydPQ9QpO7vnucxZcFo/FuPjHY0FQ==",
      "license": "Apache-2.0",
      "dependencies": {
        "pareto-core": "^0.1.0"
      }
    },
    "node_modules/pareto-core-shorthands": {
      "version": "0.2.55",
      "resolved": "https://registry.npmjs.org/pareto-core-shorthands/-/pareto-core-shorthands-0.2.55.tgz",
      "integrity": "sha512-PU0X3xm3gdJGRCdomXSERTgDtMhTDTL5bTWNkZti9m+W1Vt4hZ0IujTrugA2YR61vW/hnQZeBR/Fqc1YzhvhPQ==",
      "license": "Apache-2.0",
      "dependencies": {
        "liana-core": "^0.1.0",
        "pareto-core": "^0.1.0"
      }
    },
    "node_modules/pareto-fountain-pen": {
      "version": "0.4.79",
      "resolved": "https://registry.npmjs.org/pareto-fountain-pen/-/pareto-fountain-pen-0.4.79.tgz",
      "integrity": "sha512-3i0nihPhPiIoFKpSFvHGww+MWvnL0r3SPdd5FZRJIZCJokjCvIr81O7O1hNz5N/HsyHjEthMAMVbQ1YPSZZsYQ==",
      "license": "Apache-2.0",
      "dependencies": {
        "pareto-core": "^0.1.0",
        "pareto-core-shorthands": "^0.2.0"
      },
      "engines": {
        "node": ">=14.0.0"
      }
    },
    "node_modules/pareto-host-nodejs": {
      "version": "0.2.88",
      "resolved": "https://registry.npmjs.org/pareto-host-nodejs/-/pareto-host-nodejs-0.2.88.tgz",
      "integrity": "sha512-kdyyEgOiIAYbsriNIh6GSgM8XVrEbfDwMDTExYb7srcCo7yBoud07wNR9Zk6HRBXim3nKGJC/8tXALaEKYCAYA==",
      "license": "Apache-2.0",
      "dependencies": {
        "pareto-resources": "^0.2.0",
        "pareto-stream": "^0.1.0"
      }
    },
    "node_modules/pareto-resource-stream": {
      "version": "0.1.1",
      "resolved": "https://registry.npmjs.org/pareto-resource-stream/-/pareto-resource-stream-0.1.1.tgz",
      "integrity": "sha512-34pe87QKRco9Z1cx9C6+me9uXDLehdg5biTFsDzISVflc3VPf/ITFaIwX/DxsZzeZQZ7cYbq6++TdxhkvMKaZw==",
      "license": "Apache-2.0",
      "dependencies": {
        "pareto-core": "^0.1.0",
        "pareto-stream-api": "^0.1.0"
      },
      "engines": {
        "node": ">=14.0.0"
      }
    },
    "node_modules/pareto-resource-typescript-parser": {
      "version": "0.1.4",
      "resolved": "https://registry.npmjs.org/pareto-resource-typescript-parser/-/pareto-resource-typescript-parser-0.1.4.tgz",
      "integrity": "sha512-LA7HESoRdzTp9UXqFYeV2bpFhfZ/4rB+vl1KNiFDO6Qt6EPbBLVPspxdb11PUIHiOYYtxTEqqhxPm/dsQbhPgQ==",
      "license": "Apache-2.0",
      "dependencies": {
        "pareto-core": "^0.1.0",
        "pareto-untyped-syntax-tree-api": "^0.1.0",
        "typescript": "^6.0.0"
      },
      "engines": {
        "node": ">=14.0.0"
      }
    },
    "node_modules/pareto-resources": {
      "version": "0.2.133",
      "resolved": "https://registry.npmjs.org/pareto-resources/-/pareto-resources-0.2.133.tgz",
      "integrity": "sha512-ImHf8GGrdCLDCcpEZIvGmCFgCaNWBNRimUiyuQu7i8gbGIK/QS2RBW1Mq30EjxS+eRWqqhO5Z7bcN0mRHKpoYQ==",
      "license": "Apache-2.0",
      "dependencies": {
        "liana-core": "^0.1.0",
        "pareto-core": "^0.1.0",
        "pareto-core-dev": "^0.12.0",
        "pareto-fountain-pen": "^0.4.0"
      }
    },
    "node_modules/pareto-stream": {
      "version": "0.1.17",
      "resolved": "https://registry.npmjs.org/pareto-stream/-/pareto-stream-0.1.17.tgz",
      "integrity": "sha512-gI8RyB6lHbsqjj55ZgGLyA+u0vnPCW59I4lLJsutvQEOWf/AsrC0oSacho3FR4vUZ9EMt9avOvIyIJZftDdkQQ==",
      "license": "Apache-2.0",
      "dependencies": {
        "liana-core": "^0.1.0",
        "pareto-core-dev": "^0.12.0",
        "pareto-fountain-pen": "^0.4.0"
      }
    },
    "node_modules/pareto-stream-api": {
      "version": "0.1.18",
      "resolved": "https://registry.npmjs.org/pareto-stream-api/-/pareto-stream-api-0.1.18.tgz",
      "integrity": "sha512-1mDlBdfx9Q0ouUHJCvd13prQlpq60F0dHm0NIVDHxylTbFhIO1ERtY/x4t1G1jj7hX+awhWjPA2fkYWP1cpErA==",
      "license": "Apache-2.0",
      "dependencies": {
        "liana-core": "^0.1.0",
        "pareto-core-dev": "^0.12.0",
        "pareto-fountain-pen": "^0.4.0"
      }
    },
    "node_modules/pareto-untyped-syntax-tree-api": {
      "version": "0.1.1",
      "resolved": "https://registry.npmjs.org/pareto-untyped-syntax-tree-api/-/pareto-untyped-syntax-tree-api-0.1.1.tgz",
      "integrity": "sha512-Q/sfo8SsV7aqsiVxMI0UnLpQ+jIB/SWophOgA2tHwNOI/SINo8G0TsS44Hazq7W+5LSJhEl487v6iirfOvE07A==",
      "license": "Apache-2.0",
      "dependencies": {
        "pareto-core": "^0.1.0",
        "pareto-fountain-pen": "^0.4.0"
      },
      "engines": {
        "node": ">=14.0.0"
      }
    },
    "node_modules/typescript": {
      "version": "6.0.3",
      "resolved": "https://registry.npmjs.org/typescript/-/typescript-6.0.3.tgz",
      "integrity": "sha512-y2TvuxSZPDyQakkFRPZHKFm+KKVqIisdg9/CZwm9ftvKXLP8NRWj38/ODjNbr43SsoXqNuAisEf1GdCxqWcdBw==",
      "license": "Apache-2.0",
      "bin": {
        "tsc": "bin/tsc",
        "tsserver": "bin/tsserver"
      },
      "engines": {
        "node": ">=14.17"
      }
    },
    "node_modules/undici-types": {
      "version": "8.3.0",
      "resolved": "https://registry.npmjs.org/undici-types/-/undici-types-8.3.0.tgz",
      "integrity": "sha512-j375ScV60dom+YkPFIfTLcOiPxkN/buHz5GobjLhixFuANaNs3C9l4GmrWqejgXWJ7BbJcFYpTEUkS1Ge8bpZQ==",
      "dev": true,
      "license": "MIT"
    }
  }
}
