{
  "name": "astn-app",
  "version": "0.0.1",
  "lockfileVersion": 3,
  "requires": true,
  "packages": {
    "": {
      "name": "astn-app",
      "version": "0.0.1",
      "bundleDependencies": [
        "lib"
      ],
      "license": "Apache-2.0",
      "dependencies": {
        "lib": "file:../lib",
        "pareto-host-nodejs": "^0.2.0",
        "pareto-resource-filesystem-unrestricted": "^0.1.0",
        "pareto-resource-stream": "^0.1.0",
        "pareto-resource-typescript-parser": "^0.1.0",
        "typescript": "^6.0.0"
      },
      "bin": {
        "astn-validate": "dist/bin/validate_astn.js"
      },
      "engines": {
        "node": ">=14.0.0"
      }
    },
    "../lib": {
      "name": "pareto-typescript",
      "version": "0.1.3",
      "license": "Apache-2.0",
      "dependencies": {
        "pareto-application-api": "^0.1.0",
        "pareto-common": "^0.1.0",
        "pareto-core": "^0.1.0",
        "pareto-core-dev": "^0.12.0",
        "pareto-filesystem-unrestricted-api": "^0.1.0",
        "pareto-fountain-pen": "^0.4.0",
        "pareto-resources": "^0.2.0",
        "pareto-stream-api": "^0.1.0",
        "pareto-untyped-syntax-tree-api": "^0.1.0"
      },
      "engines": {
        "node": ">=14.0.0"
      }
    },
    "node_modules/astn-core": {
      "version": "0.5.127",
      "resolved": "https://registry.npmjs.org/astn-core/-/astn-core-0.5.127.tgz",
      "integrity": "sha512-FM1OlqiQQn4uYcGYPTL1T8ttceFkDWgKG5xY/ZH/YzdZWWw/HbbvjfwEbPtRQ6/10wYb+Qcqw6TxG+vQqx0FSw==",
      "license": "Apache-2.0",
      "dependencies": {
        "pareto-core": "^0.1.0",
        "pareto-fountain-pen": "^0.4.0"
      }
    },
    "node_modules/liana-core": {
      "version": "0.1.34",
      "resolved": "https://registry.npmjs.org/liana-core/-/liana-core-0.1.34.tgz",
      "integrity": "sha512-2awRhnbEGrb7fiiUBzMsQgmgyH/yBjb+ZlZmu2ImlU9/8mhrKfuab1btNwgvmEgITqTwzFV/OjI06a4/YNHVbA==",
      "license": "Apache-2.0",
      "dependencies": {
        "astn-core": "^0.5.0",
        "pareto-core": "^0.1.0"
      }
    },
    "node_modules/lib": {
      "resolved": "../lib",
      "link": true
    },
    "node_modules/pareto-application-api": {
      "version": "0.1.3",
      "resolved": "https://registry.npmjs.org/pareto-application-api/-/pareto-application-api-0.1.3.tgz",
      "integrity": "sha512-ulFjiChTIZQN/1VWDUEeKvvBD6/gjQp2hJOZEQlT+k3Q6sINammORtmYRtM8Hgqqj5Srz2YCa9X9UNjtqaG7cA==",
      "license": "Apache-2.0",
      "dependencies": {
        "pareto-core": "^0.1.0"
      }
    },
    "node_modules/pareto-core": {
      "version": "0.1.255",
      "resolved": "https://registry.npmjs.org/pareto-core/-/pareto-core-0.1.255.tgz",
      "integrity": "sha512-8+C8xk6EFdIlWAZaddl7OZCyllPWVtmpyMWGSmzx8vFCUexzzF0sD5sUGldbHmSbC5tl/gnu4fveERKOS8b46Q==",
      "license": "Apache-2.0"
    },
    "node_modules/pareto-core-dev": {
      "version": "0.12.23",
      "resolved": "https://registry.npmjs.org/pareto-core-dev/-/pareto-core-dev-0.12.23.tgz",
      "integrity": "sha512-8QziqPOi/xU0Fn3q15m5yff5ncYhdaiWJRy6VGpBYL4XcNt+jPYZj/HIBY91E3mpoxGkvTvajnaAPZMlCJHzCg==",
      "license": "Apache-2.0",
      "dependencies": {
        "pareto-core": "^0.1.0"
      }
    },
    "node_modules/pareto-core-shorthands": {
      "version": "0.2.56",
      "resolved": "https://registry.npmjs.org/pareto-core-shorthands/-/pareto-core-shorthands-0.2.56.tgz",
      "integrity": "sha512-E+cySx5OvaJth2E3JR9yI404TaDdBqjzRWYAdm7FzGgSPN6uUBTdTpYONowyUQlj/xSIoI9fF/CSvs0SPassfg==",
      "license": "Apache-2.0",
      "dependencies": {
        "liana-core": "^0.1.0",
        "pareto-core": "^0.1.0"
      }
    },
    "node_modules/pareto-filesystem-unrestricted-api": {
      "version": "0.1.4",
      "resolved": "https://registry.npmjs.org/pareto-filesystem-unrestricted-api/-/pareto-filesystem-unrestricted-api-0.1.4.tgz",
      "integrity": "sha512-D0HLgHJTDJC04FgsJCaQ9Bh3j/4OyLwjxLo6EM09NxMG7Ia/rY7ISLsDbNyAiDLygCVj76QJK12DonfWBzo/XA==",
      "license": "Apache-2.0",
      "dependencies": {
        "liana-core": "^0.1.0",
        "pareto-core": "^0.1.0",
        "pareto-core-dev": "^0.12.0",
        "pareto-fountain-pen": "^0.4.0"
      }
    },
    "node_modules/pareto-fountain-pen": {
      "version": "0.4.80",
      "resolved": "https://registry.npmjs.org/pareto-fountain-pen/-/pareto-fountain-pen-0.4.80.tgz",
      "integrity": "sha512-icUvX8oW8IMeNIyMgsn+QOstNS1o48Tc9mQUhWKQiqFZuoUEHRJn3PINbQQZ4pP9VAvk2OwhfK85JRQWKBB9og==",
      "license": "Apache-2.0",
      "dependencies": {
        "pareto-core": "^0.1.0",
        "pareto-core-shorthands": "^0.2.0"
      },
      "engines": {
        "node": ">=14.0.0"
      }
    },
    "node_modules/pareto-host-nodejs": {
      "version": "0.2.91",
      "resolved": "https://registry.npmjs.org/pareto-host-nodejs/-/pareto-host-nodejs-0.2.91.tgz",
      "integrity": "sha512-6VJmiIfD05/pbfD2MVhn/KmR1vela4zfkCTVSifuweG9drL2yA1irM3yZxZgoqu53WJAcR4m2txvYhPBaDaqGQ==",
      "license": "Apache-2.0",
      "dependencies": {
        "pareto-application-api": "^0.1.0"
      }
    },
    "node_modules/pareto-resource-filesystem-unrestricted": {
      "version": "0.1.4",
      "resolved": "https://registry.npmjs.org/pareto-resource-filesystem-unrestricted/-/pareto-resource-filesystem-unrestricted-0.1.4.tgz",
      "integrity": "sha512-AlUkOk43CAEI35v9CqDDyURBWyDjQlem8AI1d8gepKqOByjnB4VOxwsuoMedIkGfpxZnHR/MGyAIPuXih5hvzA==",
      "license": "Apache-2.0",
      "dependencies": {
        "pareto-core": "^0.1.0",
        "pareto-filesystem-unrestricted-api": "^0.1.1"
      },
      "engines": {
        "node": ">=14.0.0"
      }
    },
    "node_modules/pareto-resource-stream": {
      "version": "0.1.2",
      "resolved": "https://registry.npmjs.org/pareto-resource-stream/-/pareto-resource-stream-0.1.2.tgz",
      "integrity": "sha512-u9Z5av1i0cHm90wMdEFH/yeL1nvRXAE2Lf/tPdMZOUrqHZskk9YZGbeUR1q+WgrIOqeEN2j5PRLxAjJDosOslA==",
      "license": "Apache-2.0",
      "dependencies": {
        "pareto-core": "^0.1.0",
        "pareto-stream-api": "^0.1.0"
      },
      "engines": {
        "node": ">=14.0.0"
      }
    },
    "node_modules/pareto-resource-typescript-parser": {
      "version": "0.1.4",
      "resolved": "https://registry.npmjs.org/pareto-resource-typescript-parser/-/pareto-resource-typescript-parser-0.1.4.tgz",
      "integrity": "sha512-LA7HESoRdzTp9UXqFYeV2bpFhfZ/4rB+vl1KNiFDO6Qt6EPbBLVPspxdb11PUIHiOYYtxTEqqhxPm/dsQbhPgQ==",
      "license": "Apache-2.0",
      "dependencies": {
        "pareto-core": "^0.1.0",
        "pareto-untyped-syntax-tree-api": "^0.1.0",
        "typescript": "^6.0.0"
      },
      "engines": {
        "node": ">=14.0.0"
      }
    },
    "node_modules/pareto-stream-api": {
      "version": "0.1.21",
      "resolved": "https://registry.npmjs.org/pareto-stream-api/-/pareto-stream-api-0.1.21.tgz",
      "integrity": "sha512-mD86xpt84OJSqCg+ycuAlmNlrn5/lbuOWVTAaDw50MKqt88RDCnJ5oKFWY7ky7PipFn4/uA+sU+3oLkNuirOFQ==",
      "license": "Apache-2.0",
      "dependencies": {
        "liana-core": "^0.1.0",
        "pareto-core-dev": "^0.12.0",
        "pareto-fountain-pen": "^0.4.0"
      }
    },
    "node_modules/pareto-untyped-syntax-tree-api": {
      "version": "0.1.2",
      "resolved": "https://registry.npmjs.org/pareto-untyped-syntax-tree-api/-/pareto-untyped-syntax-tree-api-0.1.2.tgz",
      "integrity": "sha512-rW03fs4KSEon0LwuDjCJFqygtNbPYdOrkJBjHPuVKFivoh+YjSb2E3X5rlW8ubKvfh7Er/NNcnutNTSAWR1etw==",
      "license": "Apache-2.0",
      "dependencies": {
        "pareto-core": "^0.1.0",
        "pareto-fountain-pen": "^0.4.0"
      },
      "engines": {
        "node": ">=14.0.0"
      }
    },
    "node_modules/typescript": {
      "version": "6.0.3",
      "resolved": "https://registry.npmjs.org/typescript/-/typescript-6.0.3.tgz",
      "integrity": "sha512-y2TvuxSZPDyQakkFRPZHKFm+KKVqIisdg9/CZwm9ftvKXLP8NRWj38/ODjNbr43SsoXqNuAisEf1GdCxqWcdBw==",
      "license": "Apache-2.0",
      "bin": {
        "tsc": "bin/tsc",
        "tsserver": "bin/tsserver"
      },
      "engines": {
        "node": ">=14.17"
      }
    }
  }
}
