{
  "name": "pareto-typescript",
  "version": "0.1.0",
  "lockfileVersion": 3,
  "requires": true,
  "packages": {
    "": {
      "name": "pareto-typescript",
      "version": "0.1.0",
      "license": "Apache-2.0",
      "dependencies": {
        "pareto-common": "^0.1.10",
        "pareto-core": "^0.1.0",
        "pareto-fountain-pen": "^0.4.73",
        "pareto-resources": "^0.2.0",
        "pareto-stream": "^0.1.0"
      },
      "engines": {
        "node": ">=14.0.0"
      }
    },
    "node_modules/astn-core": {
      "version": "0.5.113",
      "resolved": "https://registry.npmjs.org/astn-core/-/astn-core-0.5.113.tgz",
      "integrity": "sha512-Fm0/wbL6y/Kt+B1V8Q1iQAOQxKCYcZ0iFGxqjZSdL0KFTZRnECU+rbJ2/Hv36rVSeCTgBdNyZ+e8JV8lbwFP/A==",
      "license": "Apache-2.0",
      "dependencies": {
        "pareto-fountain-pen": "^0.4.0"
      }
    },
    "node_modules/liana-core": {
      "version": "0.1.29",
      "resolved": "https://registry.npmjs.org/liana-core/-/liana-core-0.1.29.tgz",
      "integrity": "sha512-eKzQf5s7j/ZZX1C43SXAhX0m4tWkVt2axdWYgFS5OkSu0Rrnj4+eyJ0kAvKdjTNRZz/Wq/QCaUBp7HVEbPbLhw==",
      "license": "Apache-2.0",
      "dependencies": {
        "astn-core": "^0.5.0",
        "pareto-core": "^0.1.0"
      }
    },
    "node_modules/pareto-common": {
      "version": "0.1.10",
      "resolved": "https://registry.npmjs.org/pareto-common/-/pareto-common-0.1.10.tgz",
      "integrity": "sha512-oWaGPQfpK3Mg0sUbws26asQuyOVu6YMOSIXmkdbXIFEbtkU/ZYJg9ND9e3P44B6NAR9nDhEzADB3xb2c7/CmlA==",
      "license": "Apache-2.0",
      "dependencies": {
        "pareto-fountain-pen": "^0.4.0",
        "pareto-resources": "^0.2.0",
        "pareto-stream": "^0.1.0"
      },
      "engines": {
        "node": ">=14.0.0"
      }
    },
    "node_modules/pareto-core": {
      "version": "0.1.189",
      "resolved": "https://registry.npmjs.org/pareto-core/-/pareto-core-0.1.189.tgz",
      "integrity": "sha512-HYkQ2bRhX2ZL7vtzDIY+aKMUfq60X0VOGUZ4fpFqSjfxZU7mOvgqvc6KyyP/hEENiffpEXea1hviq63Wa4Q1yQ==",
      "license": "Apache-2.0"
    },
    "node_modules/pareto-core-dev": {
      "version": "0.12.18",
      "resolved": "https://registry.npmjs.org/pareto-core-dev/-/pareto-core-dev-0.12.18.tgz",
      "integrity": "sha512-xUmvBp1rkkNF6pB5nlK948zbrs+U9VysUEu1rTwR5qVD+MescQCcv2cPjp61P/CiJNHa5crXToSu5+tsBPfvqA==",
      "license": "Apache-2.0",
      "dependencies": {
        "pareto-core": "^0.1.0"
      }
    },
    "node_modules/pareto-core-shorthands": {
      "version": "0.2.49",
      "resolved": "https://registry.npmjs.org/pareto-core-shorthands/-/pareto-core-shorthands-0.2.49.tgz",
      "integrity": "sha512-H5VZXNFzIMQYLm9TTYj6t4l5jtRRpeGF52PpE1e8q2+hK78SCjDJ0WfydMr61n3AJkZhf4fmS0m6YJ1m6Ogxiw==",
      "license": "Apache-2.0",
      "dependencies": {
        "liana-core": "^0.1.0",
        "pareto-core": "^0.1.0"
      }
    },
    "node_modules/pareto-fountain-pen": {
      "version": "0.4.73",
      "resolved": "https://registry.npmjs.org/pareto-fountain-pen/-/pareto-fountain-pen-0.4.73.tgz",
      "integrity": "sha512-kGzmGHIYxo1E/MJPeNrcwzaKURV6/cJNe5xTv7ftMHLj89yUomdOEPEYx0yvMpjblDI+mWn2hz9TaWT/NmZsVg==",
      "license": "Apache-2.0",
      "dependencies": {
        "pareto-core": "^0.1.0",
        "pareto-core-shorthands": "^0.2.0"
      },
      "engines": {
        "node": ">=14.0.0"
      }
    },
    "node_modules/pareto-resources": {
      "version": "0.2.121",
      "resolved": "https://registry.npmjs.org/pareto-resources/-/pareto-resources-0.2.121.tgz",
      "integrity": "sha512-PMF6GX1bZ4xdhdFxCCzL1zxCf8wSNuVM3HhMuSq58dtUGS++Io8hLMbq8CIwkyDVjuO5Oc6JWJlf5MRLkxVYDA==",
      "license": "Apache-2.0",
      "dependencies": {
        "liana-core": "^0.1.0",
        "pareto-core": "^0.1.0",
        "pareto-core-dev": "^0.12.0",
        "pareto-fountain-pen": "^0.4.0"
      }
    },
    "node_modules/pareto-stream": {
      "version": "0.1.13",
      "resolved": "https://registry.npmjs.org/pareto-stream/-/pareto-stream-0.1.13.tgz",
      "integrity": "sha512-Oi5517h4aDlz3VYJDWn1UFAxb1d/LcSpHT+LxqO0QPPCyp65xhW+uxytUYYhHyy9TgRM6851rdueTfvaJz8Z9A==",
      "license": "Apache-2.0",
      "dependencies": {
        "liana-core": "^0.1.0",
        "pareto-core-dev": "^0.12.0",
        "pareto-fountain-pen": "^0.4.0"
      }
    }
  }
}
