{
  "name": "pareto-typescript",
  "version": "0.1.7",
  "lockfileVersion": 3,
  "requires": true,
  "packages": {
    "": {
      "name": "pareto-typescript",
      "version": "0.1.7",
      "license": "Apache-2.0",
      "dependencies": {
        "pareto-application-api": "^0.1.0",
        "pareto-common": "^0.1.0",
        "pareto-core": "^0.1.0",
        "pareto-core-dev": "^0.12.0",
        "pareto-filesystem-unrestricted-api": "^0.1.0",
        "pareto-fountain-pen": "^0.4.0",
        "pareto-resources": "^0.2.0",
        "pareto-stream-api": "^0.1.0",
        "pareto-untyped-syntax-tree-api": "^0.1.0"
      },
      "engines": {
        "node": ">=14.0.0"
      }
    },
    "node_modules/astn-core": {
      "version": "0.5.133",
      "resolved": "https://registry.npmjs.org/astn-core/-/astn-core-0.5.133.tgz",
      "integrity": "sha512-vSXH8fzEQksfuT6lJVsyTf1R854a1gg2ddP8YJs8K/vXjJVQJGAOuxGIb0U4MLPijr3RzjzBVZ/ppKj3MKKAoA==",
      "license": "Apache-2.0",
      "dependencies": {
        "pareto-core": "^0.1.0",
        "pareto-fountain-pen": "^0.4.0"
      }
    },
    "node_modules/liana-core": {
      "version": "0.1.39",
      "resolved": "https://registry.npmjs.org/liana-core/-/liana-core-0.1.39.tgz",
      "integrity": "sha512-SY/yIDQtosa/W0q7ZrM4OVcLgRIQwgLUhYcZHZMYW27NJ5O/xpfamYOjllkRvN+Dq+omlMOqsQNXs4I5Wn7gwA==",
      "license": "Apache-2.0",
      "dependencies": {
        "astn-core": "^0.5.0",
        "pareto-core": "^0.1.0",
        "pareto-fountain-pen": "^0.4.0"
      }
    },
    "node_modules/pareto-application-api": {
      "version": "0.1.6",
      "resolved": "https://registry.npmjs.org/pareto-application-api/-/pareto-application-api-0.1.6.tgz",
      "integrity": "sha512-1dwZ/3P9qh3dkxh3wk0XaBzPkofiu8laDK9sW6ONuUfKXzXjSnXDHNxW+fsoQcsHU/oHSeU5lVwTrEhboAoA3A==",
      "license": "Apache-2.0",
      "dependencies": {
        "pareto-core": "^0.1.0"
      }
    },
    "node_modules/pareto-common": {
      "version": "0.1.49",
      "resolved": "https://registry.npmjs.org/pareto-common/-/pareto-common-0.1.49.tgz",
      "integrity": "sha512-2qnMlQJIGs9V8ahfWhHd02KDEI4/YvTRUBUUPIxc1IGcsi0M75GT9e/Nd/oRWoByGndfMZXZlHJncjawg6LI2g==",
      "license": "Apache-2.0",
      "dependencies": {
        "pareto-application-api": "^0.1.0",
        "pareto-core": "^0.1.0",
        "pareto-filesystem-unrestricted-api": "^0.1.0",
        "pareto-fountain-pen": "^0.4.0",
        "pareto-resources": "^0.2.0",
        "pareto-stream-api": "^0.1.0"
      },
      "engines": {
        "node": ">=14.0.0"
      }
    },
    "node_modules/pareto-core": {
      "version": "0.1.265",
      "resolved": "https://registry.npmjs.org/pareto-core/-/pareto-core-0.1.265.tgz",
      "integrity": "sha512-XMbSkeaB0CwSKNpDRlGfzvoYZmFrBNJ7Q6xsrhI92Q+P7O85jybh44YuX2G6JwzCPFgap0duRhDbf6YfP8OrcQ==",
      "license": "Apache-2.0"
    },
    "node_modules/pareto-core-dev": {
      "version": "0.12.25",
      "resolved": "https://registry.npmjs.org/pareto-core-dev/-/pareto-core-dev-0.12.25.tgz",
      "integrity": "sha512-uHoN4nh9z1YsqkSA3vlsd6uSe1b237aXhmbRKGvX/gAd/s058/8Vb58526mqs9vWgaiF7u5JoPbFEYCbV1zFhw==",
      "license": "Apache-2.0",
      "dependencies": {
        "pareto-core": "^0.1.0"
      }
    },
    "node_modules/pareto-core-shorthands": {
      "version": "0.2.59",
      "resolved": "https://registry.npmjs.org/pareto-core-shorthands/-/pareto-core-shorthands-0.2.59.tgz",
      "integrity": "sha512-oDuGuPJx1zez+l47LE0gL+oL6Cd0whsed5jKqwNxTDKxs1lxGyl+LBL9UDqgpRvVQn61nUerG+IA77TzeR4fjw==",
      "license": "Apache-2.0",
      "dependencies": {
        "liana-core": "^0.1.0",
        "pareto-core": "^0.1.0"
      }
    },
    "node_modules/pareto-filesystem-unrestricted-api": {
      "version": "0.1.11",
      "resolved": "https://registry.npmjs.org/pareto-filesystem-unrestricted-api/-/pareto-filesystem-unrestricted-api-0.1.11.tgz",
      "integrity": "sha512-QL4LWkDOj7v6scnXbVgD6cZByoTQQzqTUumAYx4eJNK3JY8sEERF9/sufVe+miLtU9YEhOgOs/Z/MnqJnnU3YA==",
      "license": "Apache-2.0",
      "dependencies": {
        "astn-core": "^0.5.0",
        "liana-core": "^0.1.0",
        "pareto-core": "^0.1.0",
        "pareto-core-dev": "^0.12.0",
        "pareto-fountain-pen": "^0.4.0"
      }
    },
    "node_modules/pareto-fountain-pen": {
      "version": "0.4.88",
      "resolved": "https://registry.npmjs.org/pareto-fountain-pen/-/pareto-fountain-pen-0.4.88.tgz",
      "integrity": "sha512-KTlk0VBEw5p/l7nQKyeYOQzyDfrTJMaFdFrPdYFz6mfXlWfikyFiltzbF+QF0FiHOaD3FZoDKknuPk6n/JlzBQ==",
      "license": "Apache-2.0",
      "dependencies": {
        "pareto-core": "^0.1.0",
        "pareto-core-shorthands": "^0.2.0"
      },
      "engines": {
        "node": ">=14.0.0"
      }
    },
    "node_modules/pareto-resources": {
      "version": "0.2.148",
      "resolved": "https://registry.npmjs.org/pareto-resources/-/pareto-resources-0.2.148.tgz",
      "integrity": "sha512-26hlRSCwvxtDi+9ov0cI+DVVDj4w3GrN0//44fGlNWR8Lq9e3OAUh+hR17q6SjjOMrgMmPiYZzRZm6ULAet+mQ==",
      "license": "Apache-2.0",
      "dependencies": {
        "astn-core": "^0.5.0",
        "liana-core": "^0.1.0",
        "pareto-core": "^0.1.0",
        "pareto-core-dev": "^0.12.0",
        "pareto-fountain-pen": "^0.4.0"
      }
    },
    "node_modules/pareto-stream-api": {
      "version": "0.1.27",
      "resolved": "https://registry.npmjs.org/pareto-stream-api/-/pareto-stream-api-0.1.27.tgz",
      "integrity": "sha512-6/TucVa3AL4cyi+kFkP6pjG4Ynzoi6kx6f4hG65Heo5EEQrw4DxId1QxQwIAY6zLuLRjwx8HRGveDd+H23m76w==",
      "license": "Apache-2.0",
      "dependencies": {
        "astn-core": "^0.5.0",
        "liana-core": "^0.1.0",
        "pareto-core": "^0.1.0",
        "pareto-core-dev": "^0.12.0",
        "pareto-fountain-pen": "^0.4.0"
      }
    },
    "node_modules/pareto-untyped-syntax-tree-api": {
      "version": "0.1.8",
      "resolved": "https://registry.npmjs.org/pareto-untyped-syntax-tree-api/-/pareto-untyped-syntax-tree-api-0.1.8.tgz",
      "integrity": "sha512-SC+o33VwmFh3p6WwEmOR+JcVFe64C8aY5NfUXdeYiIq9k+pjUfX5/KzIBsrWWWrl3oj4D9WLszN0uPn22b6g/w==",
      "license": "Apache-2.0",
      "dependencies": {
        "pareto-core": "^0.1.0",
        "pareto-fountain-pen": "^0.4.0"
      },
      "engines": {
        "node": ">=14.0.0"
      }
    }
  }
}
