{
  "name": "pareto-typescript",
  "version": "0.1.6",
  "lockfileVersion": 3,
  "requires": true,
  "packages": {
    "": {
      "name": "pareto-typescript",
      "version": "0.1.6",
      "license": "Apache-2.0",
      "dependencies": {
        "pareto-application-api": "^0.1.0",
        "pareto-common": "^0.1.0",
        "pareto-core": "^0.1.0",
        "pareto-core-dev": "^0.12.0",
        "pareto-filesystem-unrestricted-api": "^0.1.0",
        "pareto-fountain-pen": "^0.4.0",
        "pareto-resources": "^0.2.0",
        "pareto-stream-api": "^0.1.0",
        "pareto-untyped-syntax-tree-api": "^0.1.0"
      },
      "engines": {
        "node": ">=14.0.0"
      }
    },
    "node_modules/astn-core": {
      "version": "0.5.131",
      "resolved": "https://registry.npmjs.org/astn-core/-/astn-core-0.5.131.tgz",
      "integrity": "sha512-zeiYAtgb8eQ9lda/AIbV8rdIcvWXh0m0OfM5+PNu5Kti40IfRERpb2Xj5N5ZAw094r0AuEJj6Qs2d8Ruf5NHFQ==",
      "license": "Apache-2.0",
      "dependencies": {
        "pareto-core": "^0.1.0",
        "pareto-fountain-pen": "^0.4.0"
      }
    },
    "node_modules/liana-core": {
      "version": "0.1.38",
      "resolved": "https://registry.npmjs.org/liana-core/-/liana-core-0.1.38.tgz",
      "integrity": "sha512-oeI45oYhViwVBGSvzqj8GCBTESNjeanikJM3RwGnMRGhzhtoGPb6syR2kSrVHJpjo7qSYckZ0bhYtuho+AllUQ==",
      "license": "Apache-2.0",
      "dependencies": {
        "astn-core": "^0.5.0",
        "pareto-core": "^0.1.0",
        "pareto-fountain-pen": "^0.4.0"
      }
    },
    "node_modules/pareto-application-api": {
      "version": "0.1.5",
      "resolved": "https://registry.npmjs.org/pareto-application-api/-/pareto-application-api-0.1.5.tgz",
      "integrity": "sha512-LPoNt1bKg+PKj/Gyr9Nua58kbvPV2DEe1ZrcSnIghiPx2T94Opt8BKrt49u/wbji/VGtNOGBw+U5DaWxm+4ulw==",
      "license": "Apache-2.0",
      "dependencies": {
        "pareto-core": "^0.1.0"
      }
    },
    "node_modules/pareto-common": {
      "version": "0.1.47",
      "resolved": "https://registry.npmjs.org/pareto-common/-/pareto-common-0.1.47.tgz",
      "integrity": "sha512-0jc4Kz2NHeHOSQWunwgA5Gjo7r7Bg7qpDFPVefjApwq+b/wblq4lwzoaqHmtVWq24CImtPvUvQvfQsSIAV7p5A==",
      "license": "Apache-2.0",
      "dependencies": {
        "pareto-application-api": "^0.1.0",
        "pareto-core": "^0.1.0",
        "pareto-filesystem-unrestricted-api": "^0.1.0",
        "pareto-fountain-pen": "^0.4.0",
        "pareto-resources": "^0.2.0",
        "pareto-stream-api": "^0.1.0"
      },
      "engines": {
        "node": ">=14.0.0"
      }
    },
    "node_modules/pareto-core": {
      "version": "0.1.263",
      "resolved": "https://registry.npmjs.org/pareto-core/-/pareto-core-0.1.263.tgz",
      "integrity": "sha512-BDQCkYf0V3KG8rz52lhr0bEHII0rAV69M+on6agXAomgvevgBOOInzcnOzeTEg1GCl7YpSBqOzVYpGelKEscbw==",
      "license": "Apache-2.0"
    },
    "node_modules/pareto-core-dev": {
      "version": "0.12.25",
      "resolved": "https://registry.npmjs.org/pareto-core-dev/-/pareto-core-dev-0.12.25.tgz",
      "integrity": "sha512-uHoN4nh9z1YsqkSA3vlsd6uSe1b237aXhmbRKGvX/gAd/s058/8Vb58526mqs9vWgaiF7u5JoPbFEYCbV1zFhw==",
      "license": "Apache-2.0",
      "dependencies": {
        "pareto-core": "^0.1.0"
      }
    },
    "node_modules/pareto-core-shorthands": {
      "version": "0.2.59",
      "resolved": "https://registry.npmjs.org/pareto-core-shorthands/-/pareto-core-shorthands-0.2.59.tgz",
      "integrity": "sha512-oDuGuPJx1zez+l47LE0gL+oL6Cd0whsed5jKqwNxTDKxs1lxGyl+LBL9UDqgpRvVQn61nUerG+IA77TzeR4fjw==",
      "license": "Apache-2.0",
      "dependencies": {
        "liana-core": "^0.1.0",
        "pareto-core": "^0.1.0"
      }
    },
    "node_modules/pareto-filesystem-unrestricted-api": {
      "version": "0.1.9",
      "resolved": "https://registry.npmjs.org/pareto-filesystem-unrestricted-api/-/pareto-filesystem-unrestricted-api-0.1.9.tgz",
      "integrity": "sha512-gzo6amjfH5Fif9GrCAt8aRn9wsJxzCjFVlh9miDLv6Op/KZI/0foE+nxRQ4oe2XWXmRMcYAuvrL4M9IPUNdgiw==",
      "license": "Apache-2.0",
      "dependencies": {
        "astn-core": "^0.5.0",
        "liana-core": "^0.1.0",
        "pareto-core": "^0.1.0",
        "pareto-core-dev": "^0.12.0",
        "pareto-fountain-pen": "^0.4.0"
      }
    },
    "node_modules/pareto-fountain-pen": {
      "version": "0.4.85",
      "resolved": "https://registry.npmjs.org/pareto-fountain-pen/-/pareto-fountain-pen-0.4.85.tgz",
      "integrity": "sha512-OCuPKN39OFgc+VuIEFOJuGw6g07ZA7yUNQGI/rPl5h8rnuuHAGe/NzQ/3iyK7MWaGAQiWzviFMs+CvbH/OdtCA==",
      "license": "Apache-2.0",
      "dependencies": {
        "pareto-core": "^0.1.0",
        "pareto-core-shorthands": "^0.2.0"
      },
      "engines": {
        "node": ">=14.0.0"
      }
    },
    "node_modules/pareto-resources": {
      "version": "0.2.146",
      "resolved": "https://registry.npmjs.org/pareto-resources/-/pareto-resources-0.2.146.tgz",
      "integrity": "sha512-X1ShcyQCh3aZ6bf4NpUknWXdmpVw+ck3lqeTfbV4sGdC0zUeiy16IGpNc9uS0z+wkgf9fQPeRYV5+J4lu8/DfQ==",
      "license": "Apache-2.0",
      "dependencies": {
        "astn-core": "^0.5.0",
        "liana-core": "^0.1.0",
        "pareto-core": "^0.1.0",
        "pareto-core-dev": "^0.12.0",
        "pareto-fountain-pen": "^0.4.0"
      }
    },
    "node_modules/pareto-stream-api": {
      "version": "0.1.25",
      "resolved": "https://registry.npmjs.org/pareto-stream-api/-/pareto-stream-api-0.1.25.tgz",
      "integrity": "sha512-XymPj0+7BRMkVq0nWbJaEkF8+fxUGfn5FsLFsssY52NPCMcf+fBygOT3xEjTVhUdzO5V8MmQOI9P3TfUc4tw7A==",
      "license": "Apache-2.0",
      "dependencies": {
        "astn-core": "^0.5.0",
        "liana-core": "^0.1.0",
        "pareto-core": "^0.1.0",
        "pareto-core-dev": "^0.12.0",
        "pareto-fountain-pen": "^0.4.0"
      }
    },
    "node_modules/pareto-untyped-syntax-tree-api": {
      "version": "0.1.7",
      "resolved": "https://registry.npmjs.org/pareto-untyped-syntax-tree-api/-/pareto-untyped-syntax-tree-api-0.1.7.tgz",
      "integrity": "sha512-XnTxxc2PFitYHdEU3W8ABqitBUTqFPpJZmMsWBz3Fs2w+bbwVJEvo9tmlzNiY0s6SgK+mw4dJYdvW5HkZ35ljw==",
      "license": "Apache-2.0",
      "dependencies": {
        "pareto-core": "^0.1.0",
        "pareto-fountain-pen": "^0.4.0"
      },
      "engines": {
        "node": ">=14.0.0"
      }
    }
  }
}
